
Microsoft Visual Studio Solution File, Format Version 12.00
# Visual Studio Version 17
VisualStudioVersion = 17.6.33829.357
MinimumVisualStudioVersion = 10.0.40219.1
Project("{FAE04EC0-301F-11D3-BF4B-00C04F79EFBC}") = "Mobile_App_Estiven.Android", "Mobile_App_Estiven.Android\Mobile_App_Estiven.Android.csproj", "{1FDAB034-0F16-43AF-9731-CFD057F06B6F}"
EndProject
Project("{FAE04EC0-301F-11D3-BF4B-00C04F79EFBC}") = "Mobile_App_Estiven.iOS", "Mobile_App_Estiven.iOS\Mobile_App_Estiven.iOS.csproj", "{0A306BBE-DB03-4AB5-A796-A628A22674C4}"
EndProject
Project("{FAE04EC0-301F-11D3-BF4B-00C04F79EFBC}") = "Mobile_App_Estiven", "Mobile_App_Estiven\Mobile_App_Estiven.csproj", "{58277C1F-EFBF-454A-AB7D-A0DE2B755608}"
EndProject
Global
	GlobalSection(SolutionConfigurationPlatforms) = preSolution
		Debug|Any CPU = Debug|Any CPU
		Debug|iPhone = Debug|iPhone
		Debug|iPhoneSimulator = Debug|iPhoneSimulator
		Release|Any CPU = Release|Any CPU
		Release|iPhone = Release|iPhone
		Release|iPhoneSimulator = Release|iPhoneSimulator
	EndGlobalSection
	GlobalSection(ProjectConfigurationPlatforms) = postSolution
		{1FDAB034-0F16-43AF-9731-CFD057F06B6F}.Debug|Any CPU.ActiveCfg = Debug|Any CPU
		{1FDAB034-0F16-43AF-9731-CFD057F06B6F}.Debug|Any CPU.Build.0 = Debug|Any CPU
		{1FDAB034-0F16-43AF-9731-CFD057F06B6F}.Debug|Any CPU.Deploy.0 = Debug|Any CPU
		{1FDAB034-0F16-43AF-9731-CFD057F06B6F}.Debug|iPhone.ActiveCfg = Debug|Any CPU
		{1FDAB034-0F16-43AF-9731-CFD057F06B6F}.Debug|iPhone.Build.0 = Debug|Any CPU
		{1FDAB034-0F16-43AF-9731-CFD057F06B6F}.Debug|iPhone.Deploy.0 = Debug|Any CPU
		{1FDAB034-0F16-43AF-9731-CFD057F06B6F}.Debug|iPhoneSimulator.ActiveCfg = Debug|Any CPU
		{1FDAB034-0F16-43AF-9731-CFD057F06B6F}.Debug|iPhoneSimulator.Build.0 = Debug|Any CPU
		{1FDAB034-0F16-43AF-9731-CFD057F06B6F}.Debug|iPhoneSimulator.Deploy.0 = Debug|Any CPU
		{1FDAB034-0F16-43AF-9731-CFD057F06B6F}.Release|Any CPU.ActiveCfg = Release|Any CPU
		{1FDAB034-0F16-43AF-9731-CFD057F06B6F}.Release|Any CPU.Build.0 = Release|Any CPU
		{1FDAB034-0F16-43AF-9731-CFD057F06B6F}.Release|Any CPU.Deploy.0 = Release|Any CPU
		{1FDAB034-0F16-43AF-9731-CFD057F06B6F}.Release|iPhone.ActiveCfg = Release|Any CPU
		{1FDAB034-0F16-43AF-9731-CFD057F06B6F}.Release|iPhone.Build.0 = Release|Any CPU
		{1FDAB034-0F16-43AF-9731-CFD057F06B6F}.Release|iPhone.Deploy.0 = Release|Any CPU
		{1FDAB034-0F16-43AF-9731-CFD057F06B6F}.Release|iPhoneSimulator.ActiveCfg = Release|Any CPU
		{1FDAB034-0F16-43AF-9731-CFD057F06B6F}.Release|iPhoneSimulator.Build.0 = Release|Any CPU
		{1FDAB034-0F16-43AF-9731-CFD057F06B6F}.Release|iPhoneSimulator.Deploy.0 = Release|Any CPU
		{0A306BBE-DB03-4AB5-A796-A628A22674C4}.Debug|Any CPU.ActiveCfg = Debug|iPhone
		{0A306BBE-DB03-4AB5-A796-A628A22674C4}.Debug|Any CPU.Build.0 = Debug|iPhone
		{0A306BBE-DB03-4AB5-A796-A628A22674C4}.Debug|Any CPU.Deploy.0 = Debug|iPhone
		{0A306BBE-DB03-4AB5-A796-A628A22674C4}.Debug|iPhone.ActiveCfg = Debug|iPhone
		{0A306BBE-DB03-4AB5-A796-A628A22674C4}.Debug|iPhone.Build.0 = Debug|iPhone
		{0A306BBE-DB03-4AB5-A796-A628A22674C4}.Debug|iPhone.Deploy.0 = Debug|iPhone
		{0A306BBE-DB03-4AB5-A796-A628A22674C4}.Debug|iPhoneSimulator.ActiveCfg = Debug|iPhoneSimulator
		{0A306BBE-DB03-4AB5-A796-A628A22674C4}.Debug|iPhoneSimulator.Build.0 = Debug|iPhoneSimulator
		{0A306BBE-DB03-4AB5-A796-A628A22674C4}.Debug|iPhoneSimulator.Deploy.0 = Debug|iPhoneSimulator
		{0A306BBE-DB03-4AB5-A796-A628A22674C4}.Release|Any CPU.ActiveCfg = Release|iPhoneSimulator
		{0A306BBE-DB03-4AB5-A796-A628A22674C4}.Release|Any CPU.Build.0 = Release|iPhoneSimulator
		{0A306BBE-DB03-4AB5-A796-A628A22674C4}.Release|Any CPU.Deploy.0 = Release|iPhoneSimulator
		{0A306BBE-DB03-4AB5-A796-A628A22674C4}.Release|iPhone.ActiveCfg = Release|iPhone
		{0A306BBE-DB03-4AB5-A796-A628A22674C4}.Release|iPhone.Build.0 = Release|iPhone
		{0A306BBE-DB03-4AB5-A796-A628A22674C4}.Release|iPhone.Deploy.0 = Release|iPhone
		{0A306BBE-DB03-4AB5-A796-A628A22674C4}.Release|iPhoneSimulator.ActiveCfg = Release|iPhoneSimulator
		{0A306BBE-DB03-4AB5-A796-A628A22674C4}.Release|iPhoneSimulator.Build.0 = Release|iPhoneSimulator
		{0A306BBE-DB03-4AB5-A796-A628A22674C4}.Release|iPhoneSimulator.Deploy.0 = Release|iPhoneSimulator
		{58277C1F-EFBF-454A-AB7D-A0DE2B755608}.Debug|Any CPU.ActiveCfg = Debug|Any CPU
		{58277C1F-EFBF-454A-AB7D-A0DE2B755608}.Debug|Any CPU.Build.0 = Debug|Any CPU
		{58277C1F-EFBF-454A-AB7D-A0DE2B755608}.Debug|Any CPU.Deploy.0 = Debug|Any CPU
		{58277C1F-EFBF-454A-AB7D-A0DE2B755608}.Debug|iPhone.ActiveCfg = Debug|Any CPU
		{58277C1F-EFBF-454A-AB7D-A0DE2B755608}.Debug|iPhone.Build.0 = Debug|Any CPU
		{58277C1F-EFBF-454A-AB7D-A0DE2B755608}.Debug|iPhone.Deploy.0 = Debug|Any CPU
		{58277C1F-EFBF-454A-AB7D-A0DE2B755608}.Debug|iPhoneSimulator.ActiveCfg = Debug|Any CPU
		{58277C1F-EFBF-454A-AB7D-A0DE2B755608}.Debug|iPhoneSimulator.Build.0 = Debug|Any CPU
		{58277C1F-EFBF-454A-AB7D-A0DE2B755608}.Debug|iPhoneSimulator.Deploy.0 = Debug|Any CPU
		{58277C1F-EFBF-454A-AB7D-A0DE2B755608}.Release|Any CPU.ActiveCfg = Release|Any CPU
		{58277C1F-EFBF-454A-AB7D-A0DE2B755608}.Release|Any CPU.Build.0 = Release|Any CPU
		{58277C1F-EFBF-454A-AB7D-A0DE2B755608}.Release|Any CPU.Deploy.0 = Release|Any CPU
		{58277C1F-EFBF-454A-AB7D-A0DE2B755608}.Release|iPhone.ActiveCfg = Release|Any CPU
		{58277C1F-EFBF-454A-AB7D-A0DE2B755608}.Release|iPhone.Build.0 = Release|Any CPU
		{58277C1F-EFBF-454A-AB7D-A0DE2B755608}.Release|iPhone.Deploy.0 = Release|Any CPU
		{58277C1F-EFBF-454A-AB7D-A0DE2B755608}.Release|iPhoneSimulator.ActiveCfg = Release|Any CPU
		{58277C1F-EFBF-454A-AB7D-A0DE2B755608}.Release|iPhoneSimulator.Build.0 = Release|Any CPU
		{58277C1F-EFBF-454A-AB7D-A0DE2B755608}.Release|iPhoneSimulator.Deploy.0 = Release|Any CPU
	EndGlobalSection
	GlobalSection(SolutionProperties) = preSolution
		HideSolutionNode = FALSE
	EndGlobalSection
	GlobalSection(ExtensibilityGlobals) = postSolution
		SolutionGuid = {D4112D5A-8697-4676-808C-6BE7CD9CD579}
	EndGlobalSection
EndGlobal
